
Microsoft Visual Studio Solution File, Format Version 12.00
# Visual Studio Version 17
VisualStudioVersion = 17.3.32929.385
MinimumVisualStudioVersion = 10.0.40219.1
Project("{FAE04EC0-301F-11D3-BF4B-00C04F79EFBC}") = "SimpleQuarterlyApplication", "simple-quarterly-application\SimpleQuarterlyApplication.csproj", "{67FC5A74-2CFB-4C38-8045-6AA814A1516A}"
EndProject
Global
	GlobalSection(SolutionConfigurationPlatforms) = preSolution
		Debug|Any CPU = Debug|Any CPU
		Release|Any CPU = Release|Any CPU
	EndGlobalSection
	GlobalSection(ProjectConfigurationPlatforms) = postSolution
		{67FC5A74-2CFB-4C38-8045-6AA814A1516A}.Debug|Any CPU.ActiveCfg = Debug|Any CPU
		{67FC5A74-2CFB-4C38-8045-6AA814A1516A}.Debug|Any CPU.Build.0 = Debug|Any CPU
		{67FC5A74-2CFB-4C38-8045-6AA814A1516A}.Release|Any CPU.ActiveCfg = Release|Any CPU
		{67FC5A74-2CFB-4C38-8045-6AA814A1516A}.Release|Any CPU.Build.0 = Release|Any CPU
	EndGlobalSection
	GlobalSection(SolutionProperties) = preSolution
		HideSolutionNode = FALSE
	EndGlobalSection
	GlobalSection(ExtensibilityGlobals) = postSolution
		SolutionGuid = {A5AC0A97-27E7-47E4-BA78-7A9B1A94226B}
	EndGlobalSection
EndGlobal
